PODS:
  - Capacitor (7.4.3):
    - CapacitorCordova
  - CapacitorCordova (7.4.3)
  - CapacitorVoiceRecorder (7.0.6):
    - Capacitor

DEPENDENCIES:
  - "Capacitor (from `../../node_modules/@capacitor/ios`)"
  - "CapacitorCordova (from `../../node_modules/@capacitor/ios`)"
  - CapacitorVoiceRecorder (from `../../node_modules/capacitor-voice-recorder`)

EXTERNAL SOURCES:
  Capacitor:
    :path: "../../node_modules/@capacitor/ios"
  CapacitorCordova:
    :path: "../../node_modules/@capacitor/ios"
  CapacitorVoiceRecorder:
    :path: "../../node_modules/capacitor-voice-recorder"

SPEC CHECKSUMS:
  Capacitor: 28d6c01026a9a3f7156529498ec1f389a2a28dbc
  CapacitorCordova: 435121e81a2df4d0034f0fb11fcefab5104cfdb5
  CapacitorVoiceRecorder: 9158861be982f32d411769723a4d813d6ce46135

PODFILE CHECKSUM: c1c54a9c97a10d1a8eeb18a00dd4d694d4278aa1

COCOAPODS: 1.16.2
